
Microsoft Visual Studio Solution File, Format Version 12.00
Project("{FAE04EC0-301F-11D3-BF4B-00C04F79EFBC}") = "DatenTypen", "DatenTypen\DatenTypen.csproj", "{8455DA9C-B416-44B5-B64A-655A930F0ABE}"
EndProject
Global
	GlobalSection(SolutionConfigurationPlatforms) = preSolution
		Debug|Any CPU = Debug|Any CPU
		Release|Any CPU = Release|Any CPU
	EndGlobalSection
	GlobalSection(ProjectConfigurationPlatforms) = postSolution
		{8455DA9C-B416-44B5-B64A-655A930F0ABE}.Debug|Any CPU.ActiveCfg = Debug|Any CPU
		{8455DA9C-B416-44B5-B64A-655A930F0ABE}.Debug|Any CPU.Build.0 = Debug|Any CPU
		{8455DA9C-B416-44B5-B64A-655A930F0ABE}.Release|Any CPU.ActiveCfg = Release|Any CPU
		{8455DA9C-B416-44B5-B64A-655A930F0ABE}.Release|Any CPU.Build.0 = Release|Any CPU
	EndGlobalSection
EndGlobal
