
Microsoft Visual Studio Solution File, Format Version 12.00
# Visual Studio Version 16
VisualStudioVersion = 25.0.1700.0
MinimumVisualStudioVersion = 10.0.40219.1
Project("{FAE04EC0-301F-11D3-BF4B-00C04F79EFBC}") = "Bibliothek", "Bibliothek\Bibliothek.csproj", "{2C6AAFDD-C718-4126-B95A-1A3B21315B22}"
EndProject
Global
	GlobalSection(SolutionConfigurationPlatforms) = preSolution
		Debug|Any CPU = Debug|Any CPU
		Release|Any CPU = Release|Any CPU
	EndGlobalSection
	GlobalSection(ProjectConfigurationPlatforms) = postSolution
		{2C6AAFDD-C718-4126-B95A-1A3B21315B22}.Debug|Any CPU.ActiveCfg = Debug|Any CPU
		{2C6AAFDD-C718-4126-B95A-1A3B21315B22}.Debug|Any CPU.Build.0 = Debug|Any CPU
		{2C6AAFDD-C718-4126-B95A-1A3B21315B22}.Release|Any CPU.ActiveCfg = Release|Any CPU
		{2C6AAFDD-C718-4126-B95A-1A3B21315B22}.Release|Any CPU.Build.0 = Release|Any CPU
	EndGlobalSection
	GlobalSection(SolutionProperties) = preSolution
		HideSolutionNode = FALSE
	EndGlobalSection
	GlobalSection(ExtensibilityGlobals) = postSolution
		SolutionGuid = {98FD71BB-1326-43A9-A06F-526CF0B8C367}
	EndGlobalSection
EndGlobal
