
Microsoft Visual Studio Solution File, Format Version 12.00
# Visual Studio Version 16
VisualStudioVersion = 25.0.1700.0
MinimumVisualStudioVersion = 10.0.40219.1
Project("{FAE04EC0-301F-11D3-BF4B-00C04F79EFBC}") = "MainMitArgument", "MainMitArgument\MainMitArgument.csproj", "{467AF9B2-08CB-4DC5-B588-86005FB2DEEB}"
EndProject
Global
	GlobalSection(SolutionConfigurationPlatforms) = preSolution
		Debug|Any CPU = Debug|Any CPU
		Release|Any CPU = Release|Any CPU
	EndGlobalSection
	GlobalSection(ProjectConfigurationPlatforms) = postSolution
		{467AF9B2-08CB-4DC5-B588-86005FB2DEEB}.Debug|Any CPU.ActiveCfg = Debug|Any CPU
		{467AF9B2-08CB-4DC5-B588-86005FB2DEEB}.Debug|Any CPU.Build.0 = Debug|Any CPU
		{467AF9B2-08CB-4DC5-B588-86005FB2DEEB}.Release|Any CPU.ActiveCfg = Release|Any CPU
		{467AF9B2-08CB-4DC5-B588-86005FB2DEEB}.Release|Any CPU.Build.0 = Release|Any CPU
	EndGlobalSection
	GlobalSection(SolutionProperties) = preSolution
		HideSolutionNode = FALSE
	EndGlobalSection
	GlobalSection(ExtensibilityGlobals) = postSolution
		SolutionGuid = {B07AD734-4533-4F8D-827F-89C564C8802F}
	EndGlobalSection
EndGlobal
