
Microsoft Visual Studio Solution File, Format Version 12.00
# Visual Studio Version 16
VisualStudioVersion = 16.0.30204.135
MinimumVisualStudioVersion = 10.0.40219.1
Project("{FAE04EC0-301F-11D3-BF4B-00C04F79EFBC}") = "FileHandling", "FileHandling\FileHandling.csproj", "{4071111D-02BE-47B7-A540-829A43C92040}"
EndProject
Global
	GlobalSection(SolutionConfigurationPlatforms) = preSolution
		Debug|Any CPU = Debug|Any CPU
		Release|Any CPU = Release|Any CPU
	EndGlobalSection
	GlobalSection(ProjectConfigurationPlatforms) = postSolution
		{4071111D-02BE-47B7-A540-829A43C92040}.Debug|Any CPU.ActiveCfg = Debug|Any CPU
		{4071111D-02BE-47B7-A540-829A43C92040}.Debug|Any CPU.Build.0 = Debug|Any CPU
		{4071111D-02BE-47B7-A540-829A43C92040}.Release|Any CPU.ActiveCfg = Release|Any CPU
		{4071111D-02BE-47B7-A540-829A43C92040}.Release|Any CPU.Build.0 = Release|Any CPU
	EndGlobalSection
	GlobalSection(SolutionProperties) = preSolution
		HideSolutionNode = FALSE
	EndGlobalSection
	GlobalSection(ExtensibilityGlobals) = postSolution
		SolutionGuid = {55E22CC1-DE98-4764-9FDB-1C1EA0E39130}
	EndGlobalSection
EndGlobal
