
Microsoft Visual Studio Solution File, Format Version 12.00
# Visual Studio Version 16
VisualStudioVersion = 16.0.30717.126
MinimumVisualStudioVersion = 10.0.40219.1
Project("{FAE04EC0-301F-11D3-BF4B-00C04F79EFBC}") = "UebungMitarbeiter", "UebungMitarbeiter\UebungMitarbeiter.csproj", "{8C39522D-D3FF-44FD-94C2-91B8B08EB078}"
EndProject
Global
	GlobalSection(SolutionConfigurationPlatforms) = preSolution
		Debug|Any CPU = Debug|Any CPU
		Release|Any CPU = Release|Any CPU
	EndGlobalSection
	GlobalSection(ProjectConfigurationPlatforms) = postSolution
		{8C39522D-D3FF-44FD-94C2-91B8B08EB078}.Debug|Any CPU.ActiveCfg = Debug|Any CPU
		{8C39522D-D3FF-44FD-94C2-91B8B08EB078}.Debug|Any CPU.Build.0 = Debug|Any CPU
		{8C39522D-D3FF-44FD-94C2-91B8B08EB078}.Release|Any CPU.ActiveCfg = Release|Any CPU
		{8C39522D-D3FF-44FD-94C2-91B8B08EB078}.Release|Any CPU.Build.0 = Release|Any CPU
	EndGlobalSection
	GlobalSection(SolutionProperties) = preSolution
		HideSolutionNode = FALSE
	EndGlobalSection
	GlobalSection(ExtensibilityGlobals) = postSolution
		SolutionGuid = {965EAE33-7205-40FD-90F3-6A0E8365FE12}
	EndGlobalSection
EndGlobal
