
Microsoft Visual Studio Solution File, Format Version 12.00
# Visual Studio Version 16
VisualStudioVersion = 16.0.30907.101
MinimumVisualStudioVersion = 10.0.40219.1
Project("{FAE04EC0-301F-11D3-BF4B-00C04F79EFBC}") = "PartielleKlasse", "PartielleKlasse\PartielleKlasse.csproj", "{DAF1F270-E1E0-4582-9288-F9FF04F5ACD4}"
EndProject
Global
	GlobalSection(SolutionConfigurationPlatforms) = preSolution
		Debug|Any CPU = Debug|Any CPU
		Release|Any CPU = Release|Any CPU
	EndGlobalSection
	GlobalSection(ProjectConfigurationPlatforms) = postSolution
		{DAF1F270-E1E0-4582-9288-F9FF04F5ACD4}.Debug|Any CPU.ActiveCfg = Debug|Any CPU
		{DAF1F270-E1E0-4582-9288-F9FF04F5ACD4}.Debug|Any CPU.Build.0 = Debug|Any CPU
		{DAF1F270-E1E0-4582-9288-F9FF04F5ACD4}.Release|Any CPU.ActiveCfg = Release|Any CPU
		{DAF1F270-E1E0-4582-9288-F9FF04F5ACD4}.Release|Any CPU.Build.0 = Release|Any CPU
	EndGlobalSection
	GlobalSection(SolutionProperties) = preSolution
		HideSolutionNode = FALSE
	EndGlobalSection
	GlobalSection(ExtensibilityGlobals) = postSolution
		SolutionGuid = {74017FA5-C3E5-4F19-A57E-472CF8FF93FB}
	EndGlobalSection
EndGlobal
